
Microsoft Visual Studio Solution File, Format Version 12.00
# Visual Studio 15
VisualStudioVersion = 15.0.28307.645
MinimumVisualStudioVersion = 10.0.40219.1
Project("{FAE04EC0-301F-11D3-BF4B-00C04F79EFBC}") = "WebApplication9", "WebApplication9\WebApplication9.csproj", "{EBC3DB3D-5C01-4B9E-A5F3-F7CEE4660C12}"
EndProject
Global
	GlobalSection(SolutionConfigurationPlatforms) = preSolution
		Debug|Any CPU = Debug|Any CPU
		Release|Any CPU = Release|Any CPU
	EndGlobalSection
	GlobalSection(ProjectConfigurationPlatforms) = postSolution
		{EBC3DB3D-5C01-4B9E-A5F3-F7CEE4660C12}.Debug|Any CPU.ActiveCfg = Debug|Any CPU
		{EBC3DB3D-5C01-4B9E-A5F3-F7CEE4660C12}.Debug|Any CPU.Build.0 = Debug|Any CPU
		{EBC3DB3D-5C01-4B9E-A5F3-F7CEE4660C12}.Release|Any CPU.ActiveCfg = Release|Any CPU
		{EBC3DB3D-5C01-4B9E-A5F3-F7CEE4660C12}.Release|Any CPU.Build.0 = Release|Any CPU
	EndGlobalSection
	GlobalSection(SolutionProperties) = preSolution
		HideSolutionNode = FALSE
	EndGlobalSection
	GlobalSection(ExtensibilityGlobals) = postSolution
		SolutionGuid = {C63CC15C-5EB1-4FC0-A47D-A454E6249228}
	EndGlobalSection
EndGlobal
